// !$*UTF8*$!
{
	archiveVersion = 1;
	classes = {
	};
	objectVersion = 50;
	objects = {

/* Begin PBXBuildFile section */
		16491A96B6AD1300FBB12776 /* Pods_NewsFeedApp.framework in Frameworks */ = {isa = PBXBuildFile; fileRef = ABDE6EC0F6760E7AFDBDADA4 /* Pods_NewsFeedApp.framework */; };
		DA4F6CB52167E11F00768CBE /* AppDelegate.swift in Sources */ = {isa = PBXBuildFile; fileRef = DA4F6CB42167E11F00768CBE /* AppDelegate.swift */; };
		DA4F6CB72167E11F00768CBE /* NewsViewController.swift in Sources */ = {isa = PBXBuildFile; fileRef = DA4F6CB62167E11F00768CBE /* NewsViewController.swift */; };
		DA4F6CBA2167E11F00768CBE /* Main.storyboard in Resources */ = {isa = PBXBuildFile; fileRef = DA4F6CB82167E11F00768CBE /* Main.storyboard */; };
		DA4F6CBC2167E12300768CBE /* Assets.xcassets in Resources */ = {isa = PBXBuildFile; fileRef = DA4F6CBB2167E12300768CBE /* Assets.xcassets */; };
		DA4F6CBF2167E12300768CBE /* LaunchScreen.storyboard in Resources */ = {isa = PBXBuildFile; fileRef = DA4F6CBD2167E12300768CBE /* LaunchScreen.storyboard */; };
		DA4F6CCE2167E74600768CBE /* NewsTableViewCell.swift in Sources */ = {isa = PBXBuildFile; fileRef = DA4F6CCC2167E74600768CBE /* NewsTableViewCell.swift */; };
		DA4F6CCF2167E74600768CBE /* NewsTableViewCell.xib in Resources */ = {isa = PBXBuildFile; fileRef = DA4F6CCD2167E74600768CBE /* NewsTableViewCell.xib */; };
		DA4F6CD12167F05C00768CBE /* NetworkManager.swift in Sources */ = {isa = PBXBuildFile; fileRef = DA4F6CD02167F05C00768CBE /* NetworkManager.swift */; };
		DA4F6CD32167F56F00768CBE /* NewsConstants.swift in Sources */ = {isa = PBXBuildFile; fileRef = DA4F6CD22167F56F00768CBE /* NewsConstants.swift */; };
		DA4F6CD52167FB6400768CBE /* NewsVM.swift in Sources */ = {isa = PBXBuildFile; fileRef = DA4F6CD42167FB6400768CBE /* NewsVM.swift */; };
		DA4F6CD72167FBF800768CBE /* NewsDataHandler.swift in Sources */ = {isa = PBXBuildFile; fileRef = DA4F6CD62167FBF800768CBE /* NewsDataHandler.swift */; };
		DA4F6CD92167FC1300768CBE /* NewsAPIHandler.swift in Sources */ = {isa = PBXBuildFile; fileRef = DA4F6CD82167FC1300768CBE /* NewsAPIHandler.swift */; };
		DA4F6CDD216801E700768CBE /* News.swift in Sources */ = {isa = PBXBuildFile; fileRef = DA4F6CDC216801E700768CBE /* News.swift */; };
		DA800DB321693D77001AECAA /* AlertView.swift in Sources */ = {isa = PBXBuildFile; fileRef = DA800DB221693D77001AECAA /* AlertView.swift */; };
		DA800DB6216959D5001AECAA /* NewsExtension.swift in Sources */ = {isa = PBXBuildFile; fileRef = DA800DB5216959D4001AECAA /* NewsExtension.swift */; };
/* End PBXBuildFile section */

/* Begin PBXFileReference section */
		5FB7010E08B6BBB2D548E99F /* Pods-NewsFeedApp.release.xcconfig */ = {isa = PBXFileReference; includeInIndex = 1; lastKnownFileType = text.xcconfig; name = "Pods-NewsFeedApp.release.xcconfig"; path = "Pods/Target Support Files/Pods-NewsFeedApp/Pods-NewsFeedApp.release.xcconfig"; sourceTree = "<group>"; };
		5FC5B01543024171370B70D2 /* Pods-NewsFeedApp.debug.xcconfig */ = {isa = PBXFileReference; includeInIndex = 1; lastKnownFileType = text.xcconfig; name = "Pods-NewsFeedApp.debug.xcconfig"; path = "Pods/Target Support Files/Pods-NewsFeedApp/Pods-NewsFeedApp.debug.xcconfig"; sourceTree = "<group>"; };
		ABDE6EC0F6760E7AFDBDADA4 /* Pods_NewsFeedApp.framework */ = {isa = PBXFileReference; explicitFileType = wrapper.framework; includeInIndex = 0; path = Pods_NewsFeedApp.framework; sourceTree = BUILT_PRODUCTS_DIR; };
		DA4F6CB12167E11F00768CBE /* NewsFeedApp.app */ = {isa = PBXFileReference; explicitFileType = wrapper.application; includeInIndex = 0; path = NewsFeedApp.app; sourceTree = BUILT_PRODUCTS_DIR; };
		DA4F6CB42167E11F00768CBE /* AppDelegate.swift */ = {isa = PBXFileReference; lastKnownFileType = sourcecode.swift; path = AppDelegate.swift; sourceTree = "<group>"; };
		DA4F6CB62167E11F00768CBE /* NewsViewController.swift */ = {isa = PBXFileReference; lastKnownFileType = sourcecode.swift; path = NewsViewController.swift; sourceTree = "<group>"; };
		DA4F6CB92167E11F00768CBE /* Base */ = {isa = PBXFileReference; lastKnownFileType = file.storyboard; name = Base; path = Base.lproj/Main.storyboard; sourceTree = "<group>"; };
		DA4F6CBB2167E12300768CBE /* Assets.xcassets */ = {isa = PBXFileReference; lastKnownFileType = folder.assetcatalog; path = Assets.xcassets; sourceTree = "<group>"; };
		DA4F6CBE2167E12300768CBE /* Base */ = {isa = PBXFileReference; lastKnownFileType = file.storyboard; name = Base; path = Base.lproj/LaunchScreen.storyboard; sourceTree = "<group>"; };
		DA4F6CC02167E12300768CBE /* Info.plist */ = {isa = PBXFileReference; lastKnownFileType = text.plist.xml; path = Info.plist; sourceTree = "<group>"; };
		DA4F6CCC2167E74600768CBE /* NewsTableViewCell.swift */ = {isa = PBXFileReference; lastKnownFileType = sourcecode.swift; path = NewsTableViewCell.swift; sourceTree = "<group>"; };
		DA4F6CCD2167E74600768CBE /* NewsTableViewCell.xib */ = {isa = PBXFileReference; lastKnownFileType = file.xib; path = NewsTableViewCell.xib; sourceTree = "<group>"; };
		DA4F6CD02167F05C00768CBE /* NetworkManager.swift */ = {isa = PBXFileReference; lastKnownFileType = sourcecode.swift; path = NetworkManager.swift; sourceTree = "<group>"; };
		DA4F6CD22167F56F00768CBE /* NewsConstants.swift */ = {isa = PBXFileReference; lastKnownFileType = sourcecode.swift; path = NewsConstants.swift; sourceTree = "<group>"; };
		DA4F6CD42167FB6400768CBE /* NewsVM.swift */ = {isa = PBXFileReference; lastKnownFileType = sourcecode.swift; path = NewsVM.swift; sourceTree = "<group>"; };
		DA4F6CD62167FBF800768CBE /* NewsDataHandler.swift */ = {isa = PBXFileReference; lastKnownFileType = sourcecode.swift; path = NewsDataHandler.swift; sourceTree = "<group>"; };
		DA4F6CD82167FC1300768CBE /* NewsAPIHandler.swift */ = {isa = PBXFileReference; lastKnownFileType = sourcecode.swift; path = NewsAPIHandler.swift; sourceTree = "<group>"; };
		DA4F6CDC216801E700768CBE /* News.swift */ = {isa = PBXFileReference; lastKnownFileType = sourcecode.swift; path = News.swift; sourceTree = "<group>"; };
		DA800DB221693D77001AECAA /* AlertView.swift */ = {isa = PBXFileReference; lastKnownFileType = sourcecode.swift; path = AlertView.swift; sourceTree = "<group>"; };
		DA800DB5216959D4001AECAA /* NewsExtension.swift */ = {isa = PBXFileReference; lastKnownFileType = sourcecode.swift; path = NewsExtension.swift; sourceTree = "<group>"; };
/* End PBXFileReference section */

/* Begin PBXFrameworksBuildPhase section */
		DA4F6CAE2167E11E00768CBE /* Frameworks */ = {
			isa = PBXFrameworksBuildPhase;
			buildActionMask = 2147483647;
			files = (
				16491A96B6AD1300FBB12776 /* Pods_NewsFeedApp.framework in Frameworks */,
			);
			runOnlyForDeploymentPostprocessing = 0;
		};
/* End PBXFrameworksBuildPhase section */

/* Begin PBXGroup section */
		A34B8626E6AE873A23D03593 /* Pods */ = {
			isa = PBXGroup;
			children = (
				5FC5B01543024171370B70D2 /* Pods-NewsFeedApp.debug.xcconfig */,
				5FB7010E08B6BBB2D548E99F /* Pods-NewsFeedApp.release.xcconfig */,
			);
			name = Pods;
			sourceTree = "<group>";
		};
		DA4F6CA82167E11E00768CBE = {
			isa = PBXGroup;
			children = (
				DA4F6CB32167E11F00768CBE /* NewsFeedApp */,
				DA4F6CB22167E11F00768CBE /* Products */,
				A34B8626E6AE873A23D03593 /* Pods */,
				E74BC0DB5B4B5380F012A57A /* Frameworks */,
			);
			sourceTree = "<group>";
		};
		DA4F6CB22167E11F00768CBE /* Products */ = {
			isa = PBXGroup;
			children = (
				DA4F6CB12167E11F00768CBE /* NewsFeedApp.app */,
			);
			name = Products;
			sourceTree = "<group>";
		};
		DA4F6CB32167E11F00768CBE /* NewsFeedApp */ = {
			isa = PBXGroup;
			children = (
				DA4F6CCB2167E66F00768CBE /* NetworkManager */,
				DA4F6CCA2167E65D00768CBE /* Utils */,
				DA4F6CC92167E1D100768CBE /* Views */,
				DA4F6CC82167E19A00768CBE /* ViewControllers */,
				DA4F6CC72167E17E00768CBE /* ViewModel */,
				DA4F6CC62167E16E00768CBE /* Models */,
				DA4F6CB42167E11F00768CBE /* AppDelegate.swift */,
				DA4F6CB82167E11F00768CBE /* Main.storyboard */,
				DA4F6CBB2167E12300768CBE /* Assets.xcassets */,
				DA4F6CBD2167E12300768CBE /* LaunchScreen.storyboard */,
				DA4F6CC02167E12300768CBE /* Info.plist */,
			);
			path = NewsFeedApp;
			sourceTree = "<group>";
		};
		DA4F6CC62167E16E00768CBE /* Models */ = {
			isa = PBXGroup;
			children = (
				DA4F6CDC216801E700768CBE /* News.swift */,
			);
			path = Models;
			sourceTree = "<group>";
		};
		DA4F6CC72167E17E00768CBE /* ViewModel */ = {
			isa = PBXGroup;
			children = (
				DA4F6CDB2167FC3B00768CBE /* Handlers */,
				DA4F6CDA2167FC3100768CBE /* ViewModels */,
			);
			path = ViewModel;
			sourceTree = "<group>";
		};
		DA4F6CC82167E19A00768CBE /* ViewControllers */ = {
			isa = PBXGroup;
			children = (
				DA4F6CB62167E11F00768CBE /* NewsViewController.swift */,
			);
			path = ViewControllers;
			sourceTree = "<group>";
		};
		DA4F6CC92167E1D100768CBE /* Views */ = {
			isa = PBXGroup;
			children = (
				DA4F6CCC2167E74600768CBE /* NewsTableViewCell.swift */,
				DA4F6CCD2167E74600768CBE /* NewsTableViewCell.xib */,
			);
			path = Views;
			sourceTree = "<group>";
		};
		DA4F6CCA2167E65D00768CBE /* Utils */ = {
			isa = PBXGroup;
			children = (
				DA800DB421693DA7001AECAA /* Extensions */,
				DA4F6CD22167F56F00768CBE /* NewsConstants.swift */,
			);
			path = Utils;
			sourceTree = "<group>";
		};
		DA4F6CCB2167E66F00768CBE /* NetworkManager */ = {
			isa = PBXGroup;
			children = (
				DA4F6CD02167F05C00768CBE /* NetworkManager.swift */,
			);
			path = NetworkManager;
			sourceTree = "<group>";
		};
		DA4F6CDA2167FC3100768CBE /* ViewModels */ = {
			isa = PBXGroup;
			children = (
				DA4F6CD42167FB6400768CBE /* NewsVM.swift */,
			);
			path = ViewModels;
			sourceTree = "<group>";
		};
		DA4F6CDB2167FC3B00768CBE /* Handlers */ = {
			isa = PBXGroup;
			children = (
				DA4F6CD62167FBF800768CBE /* NewsDataHandler.swift */,
				DA4F6CD82167FC1300768CBE /* NewsAPIHandler.swift */,
			);
			path = Handlers;
			sourceTree = "<group>";
		};
		DA800DB421693DA7001AECAA /* Extensions */ = {
			isa = PBXGroup;
			children = (
				DA800DB221693D77001AECAA /* AlertView.swift */,
				DA800DB5216959D4001AECAA /* NewsExtension.swift */,
			);
			path = Extensions;
			sourceTree = "<group>";
		};
		E74BC0DB5B4B5380F012A57A /* Frameworks */ = {
			isa = PBXGroup;
			children = (
				ABDE6EC0F6760E7AFDBDADA4 /* Pods_NewsFeedApp.framework */,
			);
			name = Frameworks;
			sourceTree = "<group>";
		};
/* End PBXGroup section */

/* Begin PBXNativeTarget section */
		DA4F6CB02167E11E00768CBE /* NewsFeedApp */ = {
			isa = PBXNativeTarget;
			buildConfigurationList = DA4F6CC32167E12300768CBE /* Build configuration list for PBXNativeTarget "NewsFeedApp" */;
			buildPhases = (
				5279F4F119D78E1959FCB2B7 /* [CP] Check Pods Manifest.lock */,
				DA4F6CAD2167E11E00768CBE /* Sources */,
				DA4F6CAE2167E11E00768CBE /* Frameworks */,
				DA4F6CAF2167E11E00768CBE /* Resources */,
				4F755C7DA62F2BA1733D65C8 /* [CP] Embed Pods Frameworks */,
			);
			buildRules = (
			);
			dependencies = (
			);
			name = NewsFeedApp;
			productName = NewsFeedApp;
			productReference = DA4F6CB12167E11F00768CBE /* NewsFeedApp.app */;
			productType = "com.apple.product-type.application";
		};
/* End PBXNativeTarget section */

/* Begin PBXProject section */
		DA4F6CA92167E11E00768CBE /* Project object */ = {
			isa = PBXProject;
			attributes = {
				LastSwiftUpdateCheck = 0940;
				LastUpgradeCheck = 0940;
				ORGANIZATIONNAME = "Muneer KK";
				TargetAttributes = {
					DA4F6CB02167E11E00768CBE = {
						CreatedOnToolsVersion = 9.4.1;
					};
				};
			};
			buildConfigurationList = DA4F6CAC2167E11E00768CBE /* Build configuration list for PBXProject "NewsFeedApp" */;
			compatibilityVersion = "Xcode 9.3";
			developmentRegion = en;
			hasScannedForEncodings = 0;
			knownRegions = (
				en,
				Base,
			);
			mainGroup = DA4F6CA82167E11E00768CBE;
			productRefGroup = DA4F6CB22167E11F00768CBE /* Products */;
			projectDirPath = "";
			projectRoot = "";
			targets = (
				DA4F6CB02167E11E00768CBE /* NewsFeedApp */,
			);
		};
/* End PBXProject section */

/* Begin PBXResourcesBuildPhase section */
		DA4F6CAF2167E11E00768CBE /* Resources */ = {
			isa = PBXResourcesBuildPhase;
			buildActionMask = 2147483647;
			files = (
				DA4F6CBF2167E12300768CBE /* LaunchScreen.storyboard in Resources */,
				DA4F6CBC2167E12300768CBE /* Assets.xcassets in Resources */,
				DA4F6CCF2167E74600768CBE /* NewsTableViewCell.xib in Resources */,
				DA4F6CBA2167E11F00768CBE /* Main.storyboard in Resources */,
			);
			runOnlyForDeploymentPostprocessing = 0;
		};
/* End PBXResourcesBuildPhase section */

/* Begin PBXShellScriptBuildPhase section */
		4F755C7DA62F2BA1733D65C8 /* [CP] Embed Pods Frameworks */ = {
			isa = PBXShellScriptBuildPhase;
			buildActionMask = 2147483647;
			files = (
			);
			inputPaths = (
				"${SRCROOT}/Pods/Target Support Files/Pods-NewsFeedApp/Pods-NewsFeedApp-frameworks.sh",
				"${BUILT_PRODUCTS_DIR}/MBProgressHUD/MBProgressHUD.framework",
				"${BUILT_PRODUCTS_DIR}/SDWebImage/SDWebImage.framework",
			);
			name = "[CP] Embed Pods Frameworks";
			outputPaths = (
				"${TARGET_BUILD_DIR}/${FRAMEWORKS_FOLDER_PATH}/MBProgressHUD.framework",
				"${TARGET_BUILD_DIR}/${FRAMEWORKS_FOLDER_PATH}/SDWebImage.framework",
			);
			runOnlyForDeploymentPostprocessing = 0;
			shellPath = /bin/sh;
			shellScript = "\"${SRCROOT}/Pods/Target Support Files/Pods-NewsFeedApp/Pods-NewsFeedApp-frameworks.sh\"\n";
			showEnvVarsInLog = 0;
		};
		5279F4F119D78E1959FCB2B7 /* [CP] Check Pods Manifest.lock */ = {
			isa = PBXShellScriptBuildPhase;
			buildActionMask = 2147483647;
			files = (
			);
			inputPaths = (
				"${PODS_PODFILE_DIR_PATH}/Podfile.lock",
				"${PODS_ROOT}/Manifest.lock",
			);
			name = "[CP] Check Pods Manifest.lock";
			outputPaths = (
				"$(DERIVED_FILE_DIR)/Pods-NewsFeedApp-checkManifestLockResult.txt",
			);
			runOnlyForDeploymentPostprocessing = 0;
			shellPath = /bin/sh;
			shellScript = "diff \"${PODS_PODFILE_DIR_PATH}/Podfile.lock\" \"${PODS_ROOT}/Manifest.lock\" > /dev/null\nif [ $? != 0 ] ; then\n    # print error to STDERR\n    echo \"error: The sandbox is not in sync with the Podfile.lock. Run 'pod install' or update your CocoaPods installation.\" >&2\n    exit 1\nfi\n# This output is used by Xcode 'outputs' to avoid re-running this script phase.\necho \"SUCCESS\" > \"${SCRIPT_OUTPUT_FILE_0}\"\n";
			showEnvVarsInLog = 0;
		};
/* End PBXShellScriptBuildPhase section */

/* Begin PBXSourcesBuildPhase section */
		DA4F6CAD2167E11E00768CBE /* Sources */ = {
			isa = PBXSourcesBuildPhase;
			buildActionMask = 2147483647;
			files = (
				DA4F6CD72167FBF800768CBE /* NewsDataHandler.swift in Sources */,
				DA4F6CD12167F05C00768CBE /* NetworkManager.swift in Sources */,
				DA4F6CB72167E11F00768CBE /* NewsViewController.swift in Sources */,
				DA4F6CDD216801E700768CBE /* News.swift in Sources */,
				DA4F6CD32167F56F00768CBE /* NewsConstants.swift in Sources */,
				DA800DB321693D77001AECAA /* AlertView.swift in Sources */,
				DA800DB6216959D5001AECAA /* NewsExtension.swift in Sources */,
				DA4F6CD92167FC1300768CBE /* NewsAPIHandler.swift in Sources */,
				DA4F6CB52167E11F00768CBE /* AppDelegate.swift in Sources */,
				DA4F6CCE2167E74600768CBE /* NewsTableViewCell.swift in Sources */,
				DA4F6CD52167FB6400768CBE /* NewsVM.swift in Sources */,
			);
			runOnlyForDeploymentPostprocessing = 0;
		};
/* End PBXSourcesBuildPhase section */

/* Begin PBXVariantGroup section */
		DA4F6CB82167E11F00768CBE /* Main.storyboard */ = {
			isa = PBXVariantGroup;
			children = (
				DA4F6CB92167E11F00768CBE /* Base */,
			);
			name = Main.storyboard;
			sourceTree = "<group>";
		};
		DA4F6CBD2167E12300768CBE /* LaunchScreen.storyboard */ = {
			isa = PBXVariantGroup;
			children = (
				DA4F6CBE2167E12300768CBE /* Base */,
			);
			name = LaunchScreen.storyboard;
			sourceTree = "<group>";
		};
/* End PBXVariantGroup section */

/* Begin XCBuildConfiguration section */
		DA4F6CC12167E12300768CBE /* Debug */ = {
			isa = XCBuildConfiguration;
			buildSettings = {
				ALWAYS_SEARCH_USER_PATHS = NO;
				CLANG_ANALYZER_NONNULL = YES;
				CLANG_ANALYZER_NUMBER_OBJECT_CONVERSION = YES_AGGRESSIVE;
				CLANG_CXX_LANGUAGE_STANDARD = "gnu++14";
				CLANG_CXX_LIBRARY = "libc++";
				CLANG_ENABLE_MODULES = YES;
				CLANG_ENABLE_OBJC_ARC = YES;
				CLANG_ENABLE_OBJC_WEAK = YES;
				CLANG_WARN_BLOCK_CAPTURE_AUTORELEASING = YES;
				CLANG_WARN_BOOL_CONVERSION = YES;
				CLANG_WARN_COMMA = YES;
				CLANG_WARN_CONSTANT_CONVERSION = YES;
				CLANG_WARN_DEPRECATED_OBJC_IMPLEMENTATIONS = YES;
				CLANG_WARN_DIRECT_OBJC_ISA_USAGE = YES_ERROR;
				CLANG_WARN_DOCUMENTATION_COMMENTS = YES;
				CLANG_WARN_EMPTY_BODY = YES;
				CLANG_WARN_ENUM_CONVERSION = YES;
				CLANG_WARN_INFINITE_RECURSION = YES;
				CLANG_WARN_INT_CONVERSION = YES;
				CLANG_WARN_NON_LITERAL_NULL_CONVERSION = YES;
				CLANG_WARN_OBJC_IMPLICIT_RETAIN_SELF = YES;
				CLANG_WARN_OBJC_LITERAL_CONVERSION = YES;
				CLANG_WARN_OBJC_ROOT_CLASS = YES_ERROR;
				CLANG_WARN_RANGE_LOOP_ANALYSIS = YES;
				CLANG_WARN_STRICT_PROTOTYPES = YES;
				CLANG_WARN_SUSPICIOUS_MOVE = YES;
				CLANG_WARN_UNGUARDED_AVAILABILITY = YES_AGGRESSIVE;
				CLANG_WARN_UNREACHABLE_CODE = YES;
				CLANG_WARN__DUPLICATE_METHOD_MATCH = YES;
				CODE_SIGN_IDENTITY = "iPhone Developer";
				COPY_PHASE_STRIP = NO;
				DEBUG_INFORMATION_FORMAT = dwarf;
				ENABLE_STRICT_OBJC_MSGSEND = YES;
				ENABLE_TESTABILITY = YES;
				GCC_C_LANGUAGE_STANDARD = gnu11;
				GCC_DYNAMIC_NO_PIC = NO;
				GCC_NO_COMMON_BLOCKS = YES;
				GCC_OPTIMIZATION_LEVEL = 0;
				GCC_PREPROCESSOR_DEFINITIONS = (
					"DEBUG=1",
					"$(inherited)",
				);
				GCC_WARN_64_TO_32_BIT_CONVERSION = YES;
				GCC_WARN_ABOUT_RETURN_TYPE = YES_ERROR;
				GCC_WARN_UNDECLARED_SELECTOR = YES;
				GCC_WARN_UNINITIALIZED_AUTOS = YES_AGGRESSIVE;
				GCC_WARN_UNUSED_FUNCTION = YES;
				GCC_WARN_UNUSED_VARIABLE = YES;
				IPHONEOS_DEPLOYMENT_TARGET = 11.4;
				MTL_ENABLE_DEBUG_INFO = YES;
				ONLY_ACTIVE_ARCH = YES;
				SDKROOT = iphoneos;
				SWIFT_ACTIVE_COMPILATION_CONDITIONS = DEBUG;
				SWIFT_OPTIMIZATION_LEVEL = "-Onone";
			};
			name = Debug;
		};
		DA4F6CC22167E12300768CBE /* Release */ = {
			isa = XCBuildConfiguration;
			buildSettings = {
				ALWAYS_SEARCH_USER_PATHS = NO;
				CLANG_ANALYZER_NONNULL = YES;
				CLANG_ANALYZER_NUMBER_OBJECT_CONVERSION = YES_AGGRESSIVE;
				CLANG_CXX_LANGUAGE_STANDARD = "gnu++14";
				CLANG_CXX_LIBRARY = "libc++";
				CLANG_ENABLE_MODULES = YES;
				CLANG_ENABLE_OBJC_ARC = YES;
				CLANG_ENABLE_OBJC_WEAK = YES;
				CLANG_WARN_BLOCK_CAPTURE_AUTORELEASING = YES;
				CLANG_WARN_BOOL_CONVERSION = YES;
				CLANG_WARN_COMMA = YES;
				CLANG_WARN_CONSTANT_CONVERSION = YES;
				CLANG_WARN_DEPRECATED_OBJC_IMPLEMENTATIONS = YES;
				CLANG_WARN_DIRECT_OBJC_ISA_USAGE = YES_ERROR;
				CLANG_WARN_DOCUMENTATION_COMMENTS = YES;
				CLANG_WARN_EMPTY_BODY = YES;
				CLANG_WARN_ENUM_CONVERSION = YES;
				CLANG_WARN_INFINITE_RECURSION = YES;
				CLANG_WARN_INT_CONVERSION = YES;
				CLANG_WARN_NON_LITERAL_NULL_CONVERSION = YES;
				CLANG_WARN_OBJC_IMPLICIT_RETAIN_SELF = YES;
				CLANG_WARN_OBJC_LITERAL_CONVERSION = YES;
				CLANG_WARN_OBJC_ROOT_CLASS = YES_ERROR;
				CLANG_WARN_RANGE_LOOP_ANALYSIS = YES;
				CLANG_WARN_STRICT_PROTOTYPES = YES;
				CLANG_WARN_SUSPICIOUS_MOVE = YES;
				CLANG_WARN_UNGUARDED_AVAILABILITY = YES_AGGRESSIVE;
				CLANG_WARN_UNREACHABLE_CODE = YES;
				CLANG_WARN__DUPLICATE_METHOD_MATCH = YES;
				CODE_SIGN_IDENTITY = "iPhone Developer";
				COPY_PHASE_STRIP = NO;
				DEBUG_INFORMATION_FORMAT = "dwarf-with-dsym";
				ENABLE_NS_ASSERTIONS = NO;
				ENABLE_STRICT_OBJC_MSGSEND = YES;
				GCC_C_LANGUAGE_STANDARD = gnu11;
				GCC_NO_COMMON_BLOCKS = YES;
				GCC_WARN_64_TO_32_BIT_CONVERSION = YES;
				GCC_WARN_ABOUT_RETURN_TYPE = YES_ERROR;
				GCC_WARN_UNDECLARED_SELECTOR = YES;
				GCC_WARN_UNINITIALIZED_AUTOS = YES_AGGRESSIVE;
				GCC_WARN_UNUSED_FUNCTION = YES;
				GCC_WARN_UNUSED_VARIABLE = YES;
				IPHONEOS_DEPLOYMENT_TARGET = 11.4;
				MTL_ENABLE_DEBUG_INFO = NO;
				SDKROOT = iphoneos;
				SWIFT_COMPILATION_MODE = wholemodule;
				SWIFT_OPTIMIZATION_LEVEL = "-O";
				VALIDATE_PRODUCT = YES;
			};
			name = Release;
		};
		DA4F6CC42167E12300768CBE /* Debug */ = {
			isa = XCBuildConfiguration;
			baseConfigurationReference = 5FC5B01543024171370B70D2 /* Pods-NewsFeedApp.debug.xcconfig */;
			buildSettings = {
				ASSETCATALOG_COMPILER_APPICON_NAME = AppIcon;
				CODE_SIGN_STYLE = Automatic;
				INFOPLIST_FILE = NewsFeedApp/Info.plist;
				LD_RUNPATH_SEARCH_PATHS = (
					"$(inherited)",
					"@executable_path/Frameworks",
				);
				PRODUCT_BUNDLE_IDENTIFIER = muneer.NewsFeedApp;
				PRODUCT_NAME = "$(TARGET_NAME)";
				SWIFT_VERSION = 4.0;
				TARGETED_DEVICE_FAMILY = "1,2";
			};
			name = Debug;
		};
		DA4F6CC52167E12300768CBE /* Release */ = {
			isa = XCBuildConfiguration;
			baseConfigurationReference = 5FB7010E08B6BBB2D548E99F /* Pods-NewsFeedApp.release.xcconfig */;
			buildSettings = {
				ASSETCATALOG_COMPILER_APPICON_NAME = AppIcon;
				CODE_SIGN_STYLE = Automatic;
				INFOPLIST_FILE = NewsFeedApp/Info.plist;
				LD_RUNPATH_SEARCH_PATHS = (
					"$(inherited)",
					"@executable_path/Frameworks",
				);
				PRODUCT_BUNDLE_IDENTIFIER = muneer.NewsFeedApp;
				PRODUCT_NAME = "$(TARGET_NAME)";
				SWIFT_VERSION = 4.0;
				TARGETED_DEVICE_FAMILY = "1,2";
			};
			name = Release;
		};
/* End XCBuildConfiguration section */

/* Begin XCConfigurationList section */
		DA4F6CAC2167E11E00768CBE /* Build configuration list for PBXProject "NewsFeedApp" */ = {
			isa = XCConfigurationList;
			buildConfigurations = (
				DA4F6CC12167E12300768CBE /* Debug */,
				DA4F6CC22167E12300768CBE /* Release */,
			);
			defaultConfigurationIsVisible = 0;
			defaultConfigurationName = Release;
		};
		DA4F6CC32167E12300768CBE /* Build configuration list for PBXNativeTarget "NewsFeedApp" */ = {
			isa = XCConfigurationList;
			buildConfigurations = (
				DA4F6CC42167E12300768CBE /* Debug */,
				DA4F6CC52167E12300768CBE /* Release */,
			);
			defaultConfigurationIsVisible = 0;
			defaultConfigurationName = Release;
		};
/* End XCConfigurationList section */
	};
	rootObject = DA4F6CA92167E11E00768CBE /* Project object */;
}
